// !$*UTF8*$!
{
	archiveVersion = 1;
	classes = {
	};
	objectVersion = 46;
	objects = {

/* Begin PBXBuildFile section */
		3701B1C21C5A6FE300F736DF /* main.m in Sources */ = {isa = PBXBuildFile; fileRef = 3701B1C11C5A6FE300F736DF /* main.m */; };
		3701B1C51C5A6FE400F736DF /* AppDelegate.m in Sources */ = {isa = PBXBuildFile; fileRef = 3701B1C41C5A6FE400F736DF /* AppDelegate.m */; };
		3701B1C81C5A6FE400F736DF /* ViewController.m in Sources */ = {isa = PBXBuildFile; fileRef = 3701B1C71C5A6FE400F736DF /* ViewController.m */; };
		3701B1CD1C5A6FE400F736DF /* Assets.xcassets in Resources */ = {isa = PBXBuildFile; fileRef = 3701B1CC1C5A6FE400F736DF /* Assets.xcassets */; };
		3701B1DB1C5A6FE400F736DF /* PLTSampleTests.m in Sources */ = {isa = PBXBuildFile; fileRef = 3701B1DA1C5A6FE400F736DF /* PLTSampleTests.m */; };
		3701B1E61C5A6FE400F736DF /* PLTSampleUITests.m in Sources */ = {isa = PBXBuildFile; fileRef = 3701B1E51C5A6FE400F736DF /* PLTSampleUITests.m */; };
		3701B1F61C5A70D200F736DF /* PLTView.m in Sources */ = {isa = PBXBuildFile; fileRef = 3701B1F51C5A70D200F736DF /* PLTView.m */; };
		3701B1FA1C5A711700F736DF /* PLTLinearView.m in Sources */ = {isa = PBXBuildFile; fileRef = 3701B1F91C5A711700F736DF /* PLTLinearView.m */; };
		3701B1FE1C5A714800F736DF /* PLTBarChartView.m in Sources */ = {isa = PBXBuildFile; fileRef = 3701B1FD1C5A714800F736DF /* PLTBarChartView.m */; };
		3701B2021C5A717900F736DF /* PLTAreaView.m in Sources */ = {isa = PBXBuildFile; fileRef = 3701B2011C5A717900F736DF /* PLTAreaView.m */; };
		3701B2071C5A71BB00F736DF /* PLTAxisX.m in Sources */ = {isa = PBXBuildFile; fileRef = 3701B2061C5A71BB00F736DF /* PLTAxisX.m */; };
		3701B20C1C5A71EA00F736DF /* PLTAxisY.m in Sources */ = {isa = PBXBuildFile; fileRef = 3701B20B1C5A71EA00F736DF /* PLTAxisY.m */; };
		3701B2181C5A72C200F736DF /* PLTMarker.m in Sources */ = {isa = PBXBuildFile; fileRef = 3701B2171C5A72C200F736DF /* PLTMarker.m */; };
		3701B21C1C5A72F600F736DF /* PLTAnimation.m in Sources */ = {isa = PBXBuildFile; fileRef = 3701B21B1C5A72F600F736DF /* PLTAnimation.m */; };
		3701B2201C5A80A700F736DF /* PLTFormatter.m in Sources */ = {isa = PBXBuildFile; fileRef = 3701B21F1C5A80A700F736DF /* PLTFormatter.m */; };
		3701B2241C5A80C900F736DF /* PLTGridView.m in Sources */ = {isa = PBXBuildFile; fileRef = 3701B2231C5A80C900F736DF /* PLTGridView.m */; };
		3701B2281C5A811900F736DF /* PLTPin.m in Sources */ = {isa = PBXBuildFile; fileRef = 3701B2271C5A811900F736DF /* PLTPin.m */; };
		3701B22C1C5AB42500F736DF /* PLTLegendView.m in Sources */ = {isa = PBXBuildFile; fileRef = 3701B22B1C5AB42500F736DF /* PLTLegendView.m */; };
		37161C891CB28EC200991212 /* NSNumber+CGFloat.m in Sources */ = {isa = PBXBuildFile; fileRef = 37161C881CB28EC200991212 /* NSNumber+CGFloat.m */; };
		37161C8B1CB29E3300991212 /* LaunchScreen.storyboard in Resources */ = {isa = PBXBuildFile; fileRef = 3701B1CE1C5A6FE400F736DF /* LaunchScreen.storyboard */; };
		37161C8C1CB2A00300991212 /* Main.storyboard in Resources */ = {isa = PBXBuildFile; fileRef = 3701B1C91C5A6FE400F736DF /* Main.storyboard */; };
		3737AD1B1C621D6D00B990D1 /* PLTGridStyle.m in Sources */ = {isa = PBXBuildFile; fileRef = 3737AD1A1C621D6D00B990D1 /* PLTGridStyle.m */; };
		3737AD201C6235BC00B990D1 /* UIView+PLTNestedView.m in Sources */ = {isa = PBXBuildFile; fileRef = 3737AD1F1C6235BC00B990D1 /* UIView+PLTNestedView.m */; };
		3737AD231C62AF0E00B990D1 /* PLTAxis.m in Sources */ = {isa = PBXBuildFile; fileRef = 3737AD221C62AF0E00B990D1 /* PLTAxis.m */; };
		3737AD271C62AFE900B990D1 /* PLTAxisStyle.m in Sources */ = {isa = PBXBuildFile; fileRef = 3737AD261C62AFE900B990D1 /* PLTAxisStyle.m */; };
		3737AD301C654F4E00B990D1 /* PLTLinearChartStyle.m in Sources */ = {isa = PBXBuildFile; fileRef = 3737AD2F1C654F4E00B990D1 /* PLTLinearChartStyle.m */; };
		3737AD331C654F9100B990D1 /* PLTLinearChart.m in Sources */ = {isa = PBXBuildFile; fileRef = 3737AD321C654F9100B990D1 /* PLTLinearChart.m */; };
		374D03F31CA148EA00BA274C /* PLTStyleContainer.m in Sources */ = {isa = PBXBuildFile; fileRef = 374D03F21CA148EA00BA274C /* PLTStyleContainer.m */; };
		374D03F61CA1493400BA274C /* PLTLinearStyleContainer.m in Sources */ = {isa = PBXBuildFile; fileRef = 374D03F51CA1493400BA274C /* PLTLinearStyleContainer.m */; };
		3766849D1CA7D3F100955CCB /* PLTColorSheme.m in Sources */ = {isa = PBXBuildFile; fileRef = 3766849C1CA7D3F100955CCB /* PLTColorSheme.m */; };
		376684A01CA7D41B00955CCB /* PLTLinearConfig.m in Sources */ = {isa = PBXBuildFile; fileRef = 3766849F1CA7D41B00955CCB /* PLTLinearConfig.m */; };
		37C6B5F31CA189B8008A81B2 /* PLTAreaStyle.m in Sources */ = {isa = PBXBuildFile; fileRef = 37C6B5F21CA189B8008A81B2 /* PLTAreaStyle.m */; };
/* End PBXBuildFile section */

/* Begin PBXContainerItemProxy section */
		3701B1D71C5A6FE400F736DF /* PBXContainerItemProxy */ = {
			isa = PBXContainerItemProxy;
			containerPortal = 3701B1B51C5A6FE300F736DF /* Project object */;
			proxyType = 1;
			remoteGlobalIDString = 3701B1BC1C5A6FE300F736DF;
			remoteInfo = PLTSample;
		};
		3701B1E21C5A6FE400F736DF /* PBXContainerItemProxy */ = {
			isa = PBXContainerItemProxy;
			containerPortal = 3701B1B51C5A6FE300F736DF /* Project object */;
			proxyType = 1;
			remoteGlobalIDString = 3701B1BC1C5A6FE300F736DF;
			remoteInfo = PLTSample;
		};
/* End PBXContainerItemProxy section */

/* Begin PBXFileReference section */
		3701B1BD1C5A6FE300F736DF /* PLTSample.app */ = {isa = PBXFileReference; explicitFileType = wrapper.application; includeInIndex = 0; path = PLTSample.app; sourceTree = BUILT_PRODUCTS_DIR; };
		3701B1C11C5A6FE300F736DF /* main.m */ = {isa = PBXFileReference; lastKnownFileType = sourcecode.c.objc; path = main.m; sourceTree = "<group>"; };
		3701B1C31C5A6FE400F736DF /* AppDelegate.h */ = {isa = PBXFileReference; lastKnownFileType = sourcecode.c.h; path = AppDelegate.h; sourceTree = "<group>"; };
		3701B1C41C5A6FE400F736DF /* AppDelegate.m */ = {isa = PBXFileReference; lastKnownFileType = sourcecode.c.objc; path = AppDelegate.m; sourceTree = "<group>"; };
		3701B1C61C5A6FE400F736DF /* ViewController.h */ = {isa = PBXFileReference; lastKnownFileType = sourcecode.c.h; path = ViewController.h; sourceTree = "<group>"; };
		3701B1C71C5A6FE400F736DF /* ViewController.m */ = {isa = PBXFileReference; lastKnownFileType = sourcecode.c.objc; path = ViewController.m; sourceTree = "<group>"; };
		3701B1CA1C5A6FE400F736DF /* Base */ = {isa = PBXFileReference; lastKnownFileType = file.storyboard; name = Base; path = Base.lproj/Main.storyboard; sourceTree = "<group>"; };
		3701B1CC1C5A6FE400F736DF /* Assets.xcassets */ = {isa = PBXFileReference; lastKnownFileType = folder.assetcatalog; path = Assets.xcassets; sourceTree = "<group>"; };
		3701B1CF1C5A6FE400F736DF /* Base */ = {isa = PBXFileReference; lastKnownFileType = file.storyboard; name = Base; path = Base.lproj/LaunchScreen.storyboard; sourceTree = "<group>"; };
		3701B1D11C5A6FE400F736DF /* Info.plist */ = {isa = PBXFileReference; lastKnownFileType = text.plist.xml; path = Info.plist; sourceTree = "<group>"; };
		3701B1D61C5A6FE400F736DF /* PLTSampleTests.xctest */ = {isa = PBXFileReference; explicitFileType = wrapper.cfbundle; includeInIndex = 0; path = PLTSampleTests.xctest; sourceTree = BUILT_PRODUCTS_DIR; };
		3701B1DA1C5A6FE400F736DF /* PLTSampleTests.m */ = {isa = PBXFileReference; lastKnownFileType = sourcecode.c.objc; path = PLTSampleTests.m; sourceTree = "<group>"; };
		3701B1DC1C5A6FE400F736DF /* Info.plist */ = {isa = PBXFileReference; lastKnownFileType = text.plist.xml; path = Info.plist; sourceTree = "<group>"; };
		3701B1E11C5A6FE400F736DF /* PLTSampleUITests.xctest */ = {isa = PBXFileReference; explicitFileType = wrapper.cfbundle; includeInIndex = 0; path = PLTSampleUITests.xctest; sourceTree = BUILT_PRODUCTS_DIR; };
		3701B1E51C5A6FE400F736DF /* PLTSampleUITests.m */ = {isa = PBXFileReference; lastKnownFileType = sourcecode.c.objc; path = PLTSampleUITests.m; sourceTree = "<group>"; };
		3701B1E71C5A6FE400F736DF /* Info.plist */ = {isa = PBXFileReference; lastKnownFileType = text.plist.xml; path = Info.plist; sourceTree = "<group>"; };
		3701B1F41C5A70D200F736DF /* PLTView.h */ = {isa = PBXFileReference; fileEncoding = 4; lastKnownFileType = sourcecode.c.h; path = PLTView.h; sourceTree = "<group>"; };
		3701B1F51C5A70D200F736DF /* PLTView.m */ = {isa = PBXFileReference; fileEncoding = 4; lastKnownFileType = sourcecode.c.objc; path = PLTView.m; sourceTree = "<group>"; };
		3701B1F81C5A711700F736DF /* PLTLinearView.h */ = {isa = PBXFileReference; fileEncoding = 4; lastKnownFileType = sourcecode.c.h; path = PLTLinearView.h; sourceTree = "<group>"; };
		3701B1F91C5A711700F736DF /* PLTLinearView.m */ = {isa = PBXFileReference; fileEncoding = 4; lastKnownFileType = sourcecode.c.objc; path = PLTLinearView.m; sourceTree = "<group>"; };
		3701B1FC1C5A714800F736DF /* PLTBarChartView.h */ = {isa = PBXFileReference; fileEncoding = 4; lastKnownFileType = sourcecode.c.h; path = PLTBarChartView.h; sourceTree = "<group>"; };
		3701B1FD1C5A714800F736DF /* PLTBarChartView.m */ = {isa = PBXFileReference; fileEncoding = 4; lastKnownFileType = sourcecode.c.objc; path = PLTBarChartView.m; sourceTree = "<group>"; };
		3701B2001C5A717900F736DF /* PLTAreaView.h */ = {isa = PBXFileReference; fileEncoding = 4; lastKnownFileType = sourcecode.c.h; path = PLTAreaView.h; sourceTree = "<group>"; };
		3701B2011C5A717900F736DF /* PLTAreaView.m */ = {isa = PBXFileReference; fileEncoding = 4; lastKnownFileType = sourcecode.c.objc; path = PLTAreaView.m; sourceTree = "<group>"; };
		3701B2051C5A71BB00F736DF /* PLTAxisX.h */ = {isa = PBXFileReference; fileEncoding = 4; lastKnownFileType = sourcecode.c.h; path = PLTAxisX.h; sourceTree = "<group>"; };
		3701B2061C5A71BB00F736DF /* PLTAxisX.m */ = {isa = PBXFileReference; fileEncoding = 4; lastKnownFileType = sourcecode.c.objc; path = PLTAxisX.m; sourceTree = "<group>"; };
		3701B20A1C5A71EA00F736DF /* PLTAxisY.h */ = {isa = PBXFileReference; fileEncoding = 4; lastKnownFileType = sourcecode.c.h; path = PLTAxisY.h; sourceTree = "<group>"; };
		3701B20B1C5A71EA00F736DF /* PLTAxisY.m */ = {isa = PBXFileReference; fileEncoding = 4; lastKnownFileType = sourcecode.c.objc; path = PLTAxisY.m; sourceTree = "<group>"; };
		3701B2161C5A72C200F736DF /* PLTMarker.h */ = {isa = PBXFileReference; fileEncoding = 4; lastKnownFileType = sourcecode.c.h; path = PLTMarker.h; sourceTree = "<group>"; };
		3701B2171C5A72C200F736DF /* PLTMarker.m */ = {isa = PBXFileReference; fileEncoding = 4; lastKnownFileType = sourcecode.c.objc; path = PLTMarker.m; sourceTree = "<group>"; };
		3701B21A1C5A72F600F736DF /* PLTAnimation.h */ = {isa = PBXFileReference; fileEncoding = 4; lastKnownFileType = sourcecode.c.h; path = PLTAnimation.h; sourceTree = "<group>"; };
		3701B21B1C5A72F600F736DF /* PLTAnimation.m */ = {isa = PBXFileReference; fileEncoding = 4; lastKnownFileType = sourcecode.c.objc; path = PLTAnimation.m; sourceTree = "<group>"; };
		3701B21E1C5A80A700F736DF /* PLTFormatter.h */ = {isa = PBXFileReference; fileEncoding = 4; lastKnownFileType = sourcecode.c.h; path = PLTFormatter.h; sourceTree = "<group>"; };
		3701B21F1C5A80A700F736DF /* PLTFormatter.m */ = {isa = PBXFileReference; fileEncoding = 4; lastKnownFileType = sourcecode.c.objc; path = PLTFormatter.m; sourceTree = "<group>"; };
		3701B2221C5A80C900F736DF /* PLTGridView.h */ = {isa = PBXFileReference; fileEncoding = 4; lastKnownFileType = sourcecode.c.h; path = PLTGridView.h; sourceTree = "<group>"; };
		3701B2231C5A80C900F736DF /* PLTGridView.m */ = {isa = PBXFileReference; fileEncoding = 4; lastKnownFileType = sourcecode.c.objc; path = PLTGridView.m; sourceTree = "<group>"; };
		3701B2261C5A811900F736DF /* PLTPin.h */ = {isa = PBXFileReference; fileEncoding = 4; lastKnownFileType = sourcecode.c.h; path = PLTPin.h; sourceTree = "<group>"; };
		3701B2271C5A811900F736DF /* PLTPin.m */ = {isa = PBXFileReference; fileEncoding = 4; lastKnownFileType = sourcecode.c.objc; path = PLTPin.m; sourceTree = "<group>"; };
		3701B22A1C5AB42500F736DF /* PLTLegendView.h */ = {isa = PBXFileReference; fileEncoding = 4; lastKnownFileType = sourcecode.c.h; path = PLTLegendView.h; sourceTree = "<group>"; };
		3701B22B1C5AB42500F736DF /* PLTLegendView.m */ = {isa = PBXFileReference; fileEncoding = 4; lastKnownFileType = sourcecode.c.objc; path = PLTLegendView.m; sourceTree = "<group>"; };
		37161C871CB28EC200991212 /* NSNumber+CGFloat.h */ = {isa = PBXFileReference; fileEncoding = 4; lastKnownFileType = sourcecode.c.h; path = "NSNumber+CGFloat.h"; sourceTree = "<group>"; };
		37161C881CB28EC200991212 /* NSNumber+CGFloat.m */ = {isa = PBXFileReference; fileEncoding = 4; lastKnownFileType = sourcecode.c.objc; path = "NSNumber+CGFloat.m"; sourceTree = "<group>"; };
		3737AD191C621D6C00B990D1 /* PLTGridStyle.h */ = {isa = PBXFileReference; fileEncoding = 4; lastKnownFileType = sourcecode.c.h; path = PLTGridStyle.h; sourceTree = "<group>"; };
		3737AD1A1C621D6D00B990D1 /* PLTGridStyle.m */ = {isa = PBXFileReference; fileEncoding = 4; lastKnownFileType = sourcecode.c.objc; path = PLTGridStyle.m; sourceTree = "<group>"; };
		3737AD1E1C6235BC00B990D1 /* UIView+PLTNestedView.h */ = {isa = PBXFileReference; fileEncoding = 4; lastKnownFileType = sourcecode.c.h; path = "UIView+PLTNestedView.h"; sourceTree = "<group>"; };
		3737AD1F1C6235BC00B990D1 /* UIView+PLTNestedView.m */ = {isa = PBXFileReference; fileEncoding = 4; lastKnownFileType = sourcecode.c.objc; path = "UIView+PLTNestedView.m"; sourceTree = "<group>"; };
		3737AD211C62AF0E00B990D1 /* PLTAxis.h */ = {isa = PBXFileReference; fileEncoding = 4; lastKnownFileType = sourcecode.c.h; path = PLTAxis.h; sourceTree = "<group>"; };
		3737AD221C62AF0E00B990D1 /* PLTAxis.m */ = {isa = PBXFileReference; fileEncoding = 4; lastKnownFileType = sourcecode.c.objc; path = PLTAxis.m; sourceTree = "<group>"; };
		3737AD251C62AFE900B990D1 /* PLTAxisStyle.h */ = {isa = PBXFileReference; fileEncoding = 4; lastKnownFileType = sourcecode.c.h; path = PLTAxisStyle.h; sourceTree = "<group>"; };
		3737AD261C62AFE900B990D1 /* PLTAxisStyle.m */ = {isa = PBXFileReference; fileEncoding = 4; lastKnownFileType = sourcecode.c.objc; path = PLTAxisStyle.m; sourceTree = "<group>"; };
		3737AD2B1C634B4A00B990D1 /* PLTConstants.h */ = {isa = PBXFileReference; lastKnownFileType = sourcecode.c.h; path = PLTConstants.h; sourceTree = "<group>"; };
		3737AD2E1C654F4E00B990D1 /* PLTLinearChartStyle.h */ = {isa = PBXFileReference; fileEncoding = 4; lastKnownFileType = sourcecode.c.h; path = PLTLinearChartStyle.h; sourceTree = "<group>"; };
		3737AD2F1C654F4E00B990D1 /* PLTLinearChartStyle.m */ = {isa = PBXFileReference; fileEncoding = 4; lastKnownFileType = sourcecode.c.objc; path = PLTLinearChartStyle.m; sourceTree = "<group>"; };
		3737AD311C654F9100B990D1 /* PLTLinearChart.h */ = {isa = PBXFileReference; fileEncoding = 4; lastKnownFileType = sourcecode.c.h; path = PLTLinearChart.h; sourceTree = "<group>"; };
		3737AD321C654F9100B990D1 /* PLTLinearChart.m */ = {isa = PBXFileReference; fileEncoding = 4; lastKnownFileType = sourcecode.c.objc; path = PLTLinearChart.m; sourceTree = "<group>"; };
		374D03F11CA148EA00BA274C /* PLTStyleContainer.h */ = {isa = PBXFileReference; fileEncoding = 4; lastKnownFileType = sourcecode.c.h; path = PLTStyleContainer.h; sourceTree = "<group>"; };
		374D03F21CA148EA00BA274C /* PLTStyleContainer.m */ = {isa = PBXFileReference; fileEncoding = 4; lastKnownFileType = sourcecode.c.objc; path = PLTStyleContainer.m; sourceTree = "<group>"; };
		374D03F41CA1493400BA274C /* PLTLinearStyleContainer.h */ = {isa = PBXFileReference; fileEncoding = 4; lastKnownFileType = sourcecode.c.h; path = PLTLinearStyleContainer.h; sourceTree = "<group>"; };
		374D03F51CA1493400BA274C /* PLTLinearStyleContainer.m */ = {isa = PBXFileReference; fileEncoding = 4; lastKnownFileType = sourcecode.c.objc; path = PLTLinearStyleContainer.m; sourceTree = "<group>"; };
		3766849B1CA7D3F100955CCB /* PLTColorSheme.h */ = {isa = PBXFileReference; fileEncoding = 4; lastKnownFileType = sourcecode.c.h; path = PLTColorSheme.h; sourceTree = "<group>"; };
		3766849C1CA7D3F100955CCB /* PLTColorSheme.m */ = {isa = PBXFileReference; fileEncoding = 4; lastKnownFileType = sourcecode.c.objc; path = PLTColorSheme.m; sourceTree = "<group>"; };
		3766849E1CA7D41B00955CCB /* PLTLinearConfig.h */ = {isa = PBXFileReference; fileEncoding = 4; lastKnownFileType = sourcecode.c.h; path = PLTLinearConfig.h; sourceTree = "<group>"; };
		3766849F1CA7D41B00955CCB /* PLTLinearConfig.m */ = {isa = PBXFileReference; fileEncoding = 4; lastKnownFileType = sourcecode.c.objc; path = PLTLinearConfig.m; sourceTree = "<group>"; };
		37AAC6091CABDDB200359C36 /* PLTPrefix.pch */ = {isa = PBXFileReference; fileEncoding = 4; lastKnownFileType = sourcecode.c.h; path = PLTPrefix.pch; sourceTree = SOURCE_ROOT; };
		37C6B5F11CA189B8008A81B2 /* PLTAreaStyle.h */ = {isa = PBXFileReference; fileEncoding = 4; lastKnownFileType = sourcecode.c.h; path = PLTAreaStyle.h; sourceTree = "<group>"; };
		37C6B5F21CA189B8008A81B2 /* PLTAreaStyle.m */ = {isa = PBXFileReference; fileEncoding = 4; lastKnownFileType = sourcecode.c.objc; path = PLTAreaStyle.m; sourceTree = "<group>"; };
/* End PBXFileReference section */

/* Begin PBXFrameworksBuildPhase section */
		3701B1BA1C5A6FE300F736DF /* Frameworks */ = {
			isa = PBXFrameworksBuildPhase;
			buildActionMask = 2147483647;
			files = (
			);
			runOnlyForDeploymentPostprocessing = 0;
		};
		3701B1D31C5A6FE400F736DF /* Frameworks */ = {
			isa = PBXFrameworksBuildPhase;
			buildActionMask = 2147483647;
			files = (
			);
			runOnlyForDeploymentPostprocessing = 0;
		};
		3701B1DE1C5A6FE400F736DF /* Frameworks */ = {
			isa = PBXFrameworksBuildPhase;
			buildActionMask = 2147483647;
			files = (
			);
			runOnlyForDeploymentPostprocessing = 0;
		};
/* End PBXFrameworksBuildPhase section */

/* Begin PBXGroup section */
		3701B1B41C5A6FE300F736DF = {
			isa = PBXGroup;
			children = (
				3701B1BF1C5A6FE300F736DF /* PLTSample */,
				3701B1D91C5A6FE400F736DF /* PLTSampleTests */,
				3701B1E41C5A6FE400F736DF /* PLTSampleUITests */,
				3701B1BE1C5A6FE300F736DF /* Products */,
			);
			sourceTree = "<group>";
		};
		3701B1BE1C5A6FE300F736DF /* Products */ = {
			isa = PBXGroup;
			children = (
				3701B1BD1C5A6FE300F736DF /* PLTSample.app */,
				3701B1D61C5A6FE400F736DF /* PLTSampleTests.xctest */,
				3701B1E11C5A6FE400F736DF /* PLTSampleUITests.xctest */,
			);
			name = Products;
			sourceTree = "<group>";
		};
		3701B1BF1C5A6FE300F736DF /* PLTSample */ = {
			isa = PBXGroup;
			children = (
				37161C861CB28E2900991212 /* NSNumber+CGFloat */,
				37AAC6091CABDDB200359C36 /* PLTPrefix.pch */,
				3737AD2B1C634B4A00B990D1 /* PLTConstants.h */,
				374D03EF1CA1480B00BA274C /* Style */,
				3737AD1D1C62333200B990D1 /* UIView + (PLTNestedView) */,
				3701B2291C5AB40B00F736DF /* Legend */,
				3701B2211C5A80B300F736DF /* Grid */,
				3701B21D1C5A808E00F736DF /* Formatter */,
				3701B2191C5A72D500F736DF /* Animations */,
				3701B1FF1C5A715A00F736DF /* Components */,
				3701B1F31C5A709A00F736DF /* PLTView */,
				3701B1C31C5A6FE400F736DF /* AppDelegate.h */,
				3701B1C41C5A6FE400F736DF /* AppDelegate.m */,
				3701B1C61C5A6FE400F736DF /* ViewController.h */,
				3701B1C71C5A6FE400F736DF /* ViewController.m */,
				3701B1C91C5A6FE400F736DF /* Main.storyboard */,
				3701B1CC1C5A6FE400F736DF /* Assets.xcassets */,
				3701B1CE1C5A6FE400F736DF /* LaunchScreen.storyboard */,
				3701B1D11C5A6FE400F736DF /* Info.plist */,
				3701B1C01C5A6FE300F736DF /* Supporting Files */,
			);
			path = PLTSample;
			sourceTree = "<group>";
		};
		3701B1C01C5A6FE300F736DF /* Supporting Files */ = {
			isa = PBXGroup;
			children = (
				3701B1C11C5A6FE300F736DF /* main.m */,
			);
			name = "Supporting Files";
			sourceTree = "<group>";
		};
		3701B1D91C5A6FE400F736DF /* PLTSampleTests */ = {
			isa = PBXGroup;
			children = (
				3701B1DA1C5A6FE400F736DF /* PLTSampleTests.m */,
				3701B1DC1C5A6FE400F736DF /* Info.plist */,
			);
			path = PLTSampleTests;
			sourceTree = "<group>";
		};
		3701B1E41C5A6FE400F736DF /* PLTSampleUITests */ = {
			isa = PBXGroup;
			children = (
				3701B1E51C5A6FE400F736DF /* PLTSampleUITests.m */,
				3701B1E71C5A6FE400F736DF /* Info.plist */,
			);
			path = PLTSampleUITests;
			sourceTree = "<group>";
		};
		3701B1F31C5A709A00F736DF /* PLTView */ = {
			isa = PBXGroup;
			children = (
				3701B1F41C5A70D200F736DF /* PLTView.h */,
				3701B1F51C5A70D200F736DF /* PLTView.m */,
				3701B1FB1C5A712200F736DF /* PLTBarChart */,
				3701B1F71C5A70DB00F736DF /* PLTLinear */,
			);
			name = PLTView;
			sourceTree = "<group>";
		};
		3701B1F71C5A70DB00F736DF /* PLTLinear */ = {
			isa = PBXGroup;
			children = (
				3737AD2C1C654EFA00B990D1 /* Chart */,
				3701B1F81C5A711700F736DF /* PLTLinearView.h */,
				3701B1F91C5A711700F736DF /* PLTLinearView.m */,
			);
			name = PLTLinear;
			sourceTree = "<group>";
		};
		3701B1FB1C5A712200F736DF /* PLTBarChart */ = {
			isa = PBXGroup;
			children = (
				3701B1FC1C5A714800F736DF /* PLTBarChartView.h */,
				3701B1FD1C5A714800F736DF /* PLTBarChartView.m */,
			);
			name = PLTBarChart;
			sourceTree = "<group>";
		};
		3701B1FF1C5A715A00F736DF /* Components */ = {
			isa = PBXGroup;
			children = (
				3701B2251C5A810800F736DF /* Pin */,
				3701B2151C5A728F00F736DF /* Marker */,
				3701B2041C5A719200F736DF /* Axis */,
				3701B2031C5A718300F736DF /* Area */,
			);
			name = Components;
			sourceTree = "<group>";
		};
		3701B2031C5A718300F736DF /* Area */ = {
			isa = PBXGroup;
			children = (
				37C6B5F01CA1898C008A81B2 /* Style */,
				3701B2001C5A717900F736DF /* PLTAreaView.h */,
				3701B2011C5A717900F736DF /* PLTAreaView.m */,
			);
			name = Area;
			sourceTree = "<group>";
		};
		3701B2041C5A719200F736DF /* Axis */ = {
			isa = PBXGroup;
			children = (
				3737AD281C6326F700B990D1 /* Base */,
				3701B2091C5A71D200F736DF /* Y */,
				3701B2081C5A71C500F736DF /* X */,
			);
			name = Axis;
			sourceTree = "<group>";
		};
		3701B2081C5A71C500F736DF /* X */ = {
			isa = PBXGroup;
			children = (
				3701B2051C5A71BB00F736DF /* PLTAxisX.h */,
				3701B2061C5A71BB00F736DF /* PLTAxisX.m */,
			);
			name = X;
			sourceTree = "<group>";
		};
		3701B2091C5A71D200F736DF /* Y */ = {
			isa = PBXGroup;
			children = (
				3701B20A1C5A71EA00F736DF /* PLTAxisY.h */,
				3701B20B1C5A71EA00F736DF /* PLTAxisY.m */,
			);
			name = Y;
			sourceTree = "<group>";
		};
		3701B2151C5A728F00F736DF /* Marker */ = {
			isa = PBXGroup;
			children = (
				3701B2161C5A72C200F736DF /* PLTMarker.h */,
				3701B2171C5A72C200F736DF /* PLTMarker.m */,
			);
			name = Marker;
			sourceTree = "<group>";
		};
		3701B2191C5A72D500F736DF /* Animations */ = {
			isa = PBXGroup;
			children = (
				3701B21A1C5A72F600F736DF /* PLTAnimation.h */,
				3701B21B1C5A72F600F736DF /* PLTAnimation.m */,
			);
			name = Animations;
			sourceTree = "<group>";
		};
		3701B21D1C5A808E00F736DF /* Formatter */ = {
			isa = PBXGroup;
			children = (
				3701B21E1C5A80A700F736DF /* PLTFormatter.h */,
				3701B21F1C5A80A700F736DF /* PLTFormatter.m */,
			);
			name = Formatter;
			sourceTree = "<group>";
		};
		3701B2211C5A80B300F736DF /* Grid */ = {
			isa = PBXGroup;
			children = (
				3737AD1C1C621D7300B990D1 /* Style */,
				3701B2221C5A80C900F736DF /* PLTGridView.h */,
				3701B2231C5A80C900F736DF /* PLTGridView.m */,
			);
			name = Grid;
			sourceTree = "<group>";
		};
		3701B2251C5A810800F736DF /* Pin */ = {
			isa = PBXGroup;
			children = (
				3701B2261C5A811900F736DF /* PLTPin.h */,
				3701B2271C5A811900F736DF /* PLTPin.m */,
			);
			name = Pin;
			sourceTree = "<group>";
		};
		3701B2291C5AB40B00F736DF /* Legend */ = {
			isa = PBXGroup;
			children = (
				3701B22A1C5AB42500F736DF /* PLTLegendView.h */,
				3701B22B1C5AB42500F736DF /* PLTLegendView.m */,
			);
			name = Legend;
			sourceTree = "<group>";
		};
		37161C861CB28E2900991212 /* NSNumber+CGFloat */ = {
			isa = PBXGroup;
			children = (
				37161C871CB28EC200991212 /* NSNumber+CGFloat.h */,
				37161C881CB28EC200991212 /* NSNumber+CGFloat.m */,
			);
			name = "NSNumber+CGFloat";
			sourceTree = "<group>";
		};
		37216D8E1CA433E600922CEB /* ColorSheme */ = {
			isa = PBXGroup;
			children = (
				3766849B1CA7D3F100955CCB /* PLTColorSheme.h */,
				3766849C1CA7D3F100955CCB /* PLTColorSheme.m */,
			);
			name = ColorSheme;
			sourceTree = "<group>";
		};
		37216D8F1CA4340200922CEB /* Configuration */ = {
			isa = PBXGroup;
			children = (
				3766849E1CA7D41B00955CCB /* PLTLinearConfig.h */,
				3766849F1CA7D41B00955CCB /* PLTLinearConfig.m */,
			);
			name = Configuration;
			sourceTree = "<group>";
		};
		3737AD1C1C621D7300B990D1 /* Style */ = {
			isa = PBXGroup;
			children = (
				3737AD191C621D6C00B990D1 /* PLTGridStyle.h */,
				3737AD1A1C621D6D00B990D1 /* PLTGridStyle.m */,
			);
			name = Style;
			sourceTree = "<group>";
		};
		3737AD1D1C62333200B990D1 /* UIView + (PLTNestedView) */ = {
			isa = PBXGroup;
			children = (
				3737AD1E1C6235BC00B990D1 /* UIView+PLTNestedView.h */,
				3737AD1F1C6235BC00B990D1 /* UIView+PLTNestedView.m */,
			);
			name = "UIView + (PLTNestedView)";
			sourceTree = "<group>";
		};
		3737AD241C62AFB200B990D1 /* Style */ = {
			isa = PBXGroup;
			children = (
				3737AD251C62AFE900B990D1 /* PLTAxisStyle.h */,
				3737AD261C62AFE900B990D1 /* PLTAxisStyle.m */,
			);
			name = Style;
			sourceTree = "<group>";
		};
		3737AD281C6326F700B990D1 /* Base */ = {
			isa = PBXGroup;
			children = (
				3737AD211C62AF0E00B990D1 /* PLTAxis.h */,
				3737AD221C62AF0E00B990D1 /* PLTAxis.m */,
				3737AD241C62AFB200B990D1 /* Style */,
			);
			name = Base;
			sourceTree = "<group>";
		};
		3737AD2C1C654EFA00B990D1 /* Chart */ = {
			isa = PBXGroup;
			children = (
				3737AD2D1C654F0D00B990D1 /* Style */,
				3737AD311C654F9100B990D1 /* PLTLinearChart.h */,
				3737AD321C654F9100B990D1 /* PLTLinearChart.m */,
			);
			name = Chart;
			sourceTree = "<group>";
		};
		3737AD2D1C654F0D00B990D1 /* Style */ = {
			isa = PBXGroup;
			children = (
				3737AD2E1C654F4E00B990D1 /* PLTLinearChartStyle.h */,
				3737AD2F1C654F4E00B990D1 /* PLTLinearChartStyle.m */,
			);
			name = Style;
			sourceTree = "<group>";
		};
		374D03EF1CA1480B00BA274C /* Style */ = {
			isa = PBXGroup;
			children = (
				374D03F11CA148EA00BA274C /* PLTStyleContainer.h */,
				374D03F21CA148EA00BA274C /* PLTStyleContainer.m */,
				374D03F01CA148A600BA274C /* Linear Style */,
			);
			name = Style;
			sourceTree = "<group>";
		};
		374D03F01CA148A600BA274C /* Linear Style */ = {
			isa = PBXGroup;
			children = (
				37216D8F1CA4340200922CEB /* Configuration */,
				37216D8E1CA433E600922CEB /* ColorSheme */,
				374D03F41CA1493400BA274C /* PLTLinearStyleContainer.h */,
				374D03F51CA1493400BA274C /* PLTLinearStyleContainer.m */,
			);
			name = "Linear Style";
			sourceTree = "<group>";
		};
		37C6B5F01CA1898C008A81B2 /* Style */ = {
			isa = PBXGroup;
			children = (
				37C6B5F11CA189B8008A81B2 /* PLTAreaStyle.h */,
				37C6B5F21CA189B8008A81B2 /* PLTAreaStyle.m */,
			);
			name = Style;
			sourceTree = "<group>";
		};
/* End PBXGroup section */

/* Begin PBXNativeTarget section */
		3701B1BC1C5A6FE300F736DF /* PLTSample */ = {
			isa = PBXNativeTarget;
			buildConfigurationList = 3701B1EA1C5A6FE500F736DF /* Build configuration list for PBXNativeTarget "PLTSample" */;
			buildPhases = (
				3701B1B91C5A6FE300F736DF /* Sources */,
				3701B1BA1C5A6FE300F736DF /* Frameworks */,
				3701B1BB1C5A6FE300F736DF /* Resources */,
			);
			buildRules = (
			);
			dependencies = (
			);
			name = PLTSample;
			productName = PLTSample;
			productReference = 3701B1BD1C5A6FE300F736DF /* PLTSample.app */;
			productType = "com.apple.product-type.application";
		};
		3701B1D51C5A6FE400F736DF /* PLTSampleTests */ = {
			isa = PBXNativeTarget;
			buildConfigurationList = 3701B1ED1C5A6FE500F736DF /* Build configuration list for PBXNativeTarget "PLTSampleTests" */;
			buildPhases = (
				3701B1D21C5A6FE400F736DF /* Sources */,
				3701B1D31C5A6FE400F736DF /* Frameworks */,
				3701B1D41C5A6FE400F736DF /* Resources */,
			);
			buildRules = (
			);
			dependencies = (
				3701B1D81C5A6FE400F736DF /* PBXTargetDependency */,
			);
			name = PLTSampleTests;
			productName = PLTSampleTests;
			productReference = 3701B1D61C5A6FE400F736DF /* PLTSampleTests.xctest */;
			productType = "com.apple.product-type.bundle.unit-test";
		};
		3701B1E01C5A6FE400F736DF /* PLTSampleUITests */ = {
			isa = PBXNativeTarget;
			buildConfigurationList = 3701B1F01C5A6FE500F736DF /* Build configuration list for PBXNativeTarget "PLTSampleUITests" */;
			buildPhases = (
				3701B1DD1C5A6FE400F736DF /* Sources */,
				3701B1DE1C5A6FE400F736DF /* Frameworks */,
				3701B1DF1C5A6FE400F736DF /* Resources */,
			);
			buildRules = (
			);
			dependencies = (
				3701B1E31C5A6FE400F736DF /* PBXTargetDependency */,
			);
			name = PLTSampleUITests;
			productName = PLTSampleUITests;
			productReference = 3701B1E11C5A6FE400F736DF /* PLTSampleUITests.xctest */;
			productType = "com.apple.product-type.bundle.ui-testing";
		};
/* End PBXNativeTarget section */

/* Begin PBXProject section */
		3701B1B51C5A6FE300F736DF /* Project object */ = {
			isa = PBXProject;
			attributes = {
				CLASSPREFIX = PLT;
				LastUpgradeCheck = 0720;
				ORGANIZATIONNAME = "Alexey Ulenkov";
				TargetAttributes = {
					3701B1BC1C5A6FE300F736DF = {
						CreatedOnToolsVersion = 7.2;
						DevelopmentTeam = A86EETVDYQ;
					};
					3701B1D51C5A6FE400F736DF = {
						CreatedOnToolsVersion = 7.2;
						TestTargetID = 3701B1BC1C5A6FE300F736DF;
					};
					3701B1E01C5A6FE400F736DF = {
						CreatedOnToolsVersion = 7.2;
						TestTargetID = 3701B1BC1C5A6FE300F736DF;
					};
				};
			};
			buildConfigurationList = 3701B1B81C5A6FE300F736DF /* Build configuration list for PBXProject "PLTSample" */;
			compatibilityVersion = "Xcode 3.2";
			developmentRegion = English;
			hasScannedForEncodings = 0;
			knownRegions = (
				en,
				Base,
			);
			mainGroup = 3701B1B41C5A6FE300F736DF;
			productRefGroup = 3701B1BE1C5A6FE300F736DF /* Products */;
			projectDirPath = "";
			projectRoot = "";
			targets = (
				3701B1BC1C5A6FE300F736DF /* PLTSample */,
				3701B1D51C5A6FE400F736DF /* PLTSampleTests */,
				3701B1E01C5A6FE400F736DF /* PLTSampleUITests */,
			);
		};
/* End PBXProject section */

/* Begin PBXResourcesBuildPhase section */
		3701B1BB1C5A6FE300F736DF /* Resources */ = {
			isa = PBXResourcesBuildPhase;
			buildActionMask = 2147483647;
			files = (
				37161C8C1CB2A00300991212 /* Main.storyboard in Resources */,
				37161C8B1CB29E3300991212 /* LaunchScreen.storyboard in Resources */,
				3701B1CD1C5A6FE400F736DF /* Assets.xcassets in Resources */,
			);
			runOnlyForDeploymentPostprocessing = 0;
		};
		3701B1D41C5A6FE400F736DF /* Resources */ = {
			isa = PBXResourcesBuildPhase;
			buildActionMask = 2147483647;
			files = (
			);
			runOnlyForDeploymentPostprocessing = 0;
		};
		3701B1DF1C5A6FE400F736DF /* Resources */ = {
			isa = PBXResourcesBuildPhase;
			buildActionMask = 2147483647;
			files = (
			);
			runOnlyForDeploymentPostprocessing = 0;
		};
/* End PBXResourcesBuildPhase section */

/* Begin PBXSourcesBuildPhase section */
		3701B1B91C5A6FE300F736DF /* Sources */ = {
			isa = PBXSourcesBuildPhase;
			buildActionMask = 2147483647;
			files = (
				3766849D1CA7D3F100955CCB /* PLTColorSheme.m in Sources */,
				3737AD331C654F9100B990D1 /* PLTLinearChart.m in Sources */,
				3737AD1B1C621D6D00B990D1 /* PLTGridStyle.m in Sources */,
				3737AD231C62AF0E00B990D1 /* PLTAxis.m in Sources */,
				374D03F61CA1493400BA274C /* PLTLinearStyleContainer.m in Sources */,
				3701B1C81C5A6FE400F736DF /* ViewController.m in Sources */,
				3701B1FE1C5A714800F736DF /* PLTBarChartView.m in Sources */,
				3737AD201C6235BC00B990D1 /* UIView+PLTNestedView.m in Sources */,
				3701B2071C5A71BB00F736DF /* PLTAxisX.m in Sources */,
				3701B22C1C5AB42500F736DF /* PLTLegendView.m in Sources */,
				37161C891CB28EC200991212 /* NSNumber+CGFloat.m in Sources */,
				3701B2021C5A717900F736DF /* PLTAreaView.m in Sources */,
				3701B21C1C5A72F600F736DF /* PLTAnimation.m in Sources */,
				3701B2181C5A72C200F736DF /* PLTMarker.m in Sources */,
				3701B1C51C5A6FE400F736DF /* AppDelegate.m in Sources */,
				3701B1FA1C5A711700F736DF /* PLTLinearView.m in Sources */,
				376684A01CA7D41B00955CCB /* PLTLinearConfig.m in Sources */,
				3701B1C21C5A6FE300F736DF /* main.m in Sources */,
				3701B2241C5A80C900F736DF /* PLTGridView.m in Sources */,
				3737AD271C62AFE900B990D1 /* PLTAxisStyle.m in Sources */,
				3701B2201C5A80A700F736DF /* PLTFormatter.m in Sources */,
				3701B20C1C5A71EA00F736DF /* PLTAxisY.m in Sources */,
				37C6B5F31CA189B8008A81B2 /* PLTAreaStyle.m in Sources */,
				374D03F31CA148EA00BA274C /* PLTStyleContainer.m in Sources */,
				3701B2281C5A811900F736DF /* PLTPin.m in Sources */,
				3737AD301C654F4E00B990D1 /* PLTLinearChartStyle.m in Sources */,
				3701B1F61C5A70D200F736DF /* PLTView.m in Sources */,
			);
			runOnlyForDeploymentPostprocessing = 0;
		};
		3701B1D21C5A6FE400F736DF /* Sources */ = {
			isa = PBXSourcesBuildPhase;
			buildActionMask = 2147483647;
			files = (
				3701B1DB1C5A6FE400F736DF /* PLTSampleTests.m in Sources */,
			);
			runOnlyForDeploymentPostprocessing = 0;
		};
		3701B1DD1C5A6FE400F736DF /* Sources */ = {
			isa = PBXSourcesBuildPhase;
			buildActionMask = 2147483647;
			files = (
				3701B1E61C5A6FE400F736DF /* PLTSampleUITests.m in Sources */,
			);
			runOnlyForDeploymentPostprocessing = 0;
		};
/* End PBXSourcesBuildPhase section */

/* Begin PBXTargetDependency section */
		3701B1D81C5A6FE400F736DF /* PBXTargetDependency */ = {
			isa = PBXTargetDependency;
			target = 3701B1BC1C5A6FE300F736DF /* PLTSample */;
			targetProxy = 3701B1D71C5A6FE400F736DF /* PBXContainerItemProxy */;
		};
		3701B1E31C5A6FE400F736DF /* PBXTargetDependency */ = {
			isa = PBXTargetDependency;
			target = 3701B1BC1C5A6FE300F736DF /* PLTSample */;
			targetProxy = 3701B1E21C5A6FE400F736DF /* PBXContainerItemProxy */;
		};
/* End PBXTargetDependency section */

/* Begin PBXVariantGroup section */
		3701B1C91C5A6FE400F736DF /* Main.storyboard */ = {
			isa = PBXVariantGroup;
			children = (
				3701B1CA1C5A6FE400F736DF /* Base */,
			);
			name = Main.storyboard;
			sourceTree = "<group>";
		};
		3701B1CE1C5A6FE400F736DF /* LaunchScreen.storyboard */ = {
			isa = PBXVariantGroup;
			children = (
				3701B1CF1C5A6FE400F736DF /* Base */,
			);
			name = LaunchScreen.storyboard;
			sourceTree = "<group>";
		};
/* End PBXVariantGroup section */

/* Begin XCBuildConfiguration section */
		3701B1E81C5A6FE400F736DF /* Debug */ = {
			isa = XCBuildConfiguration;
			buildSettings = {
				ALWAYS_SEARCH_USER_PATHS = NO;
				CLANG_CXX_LANGUAGE_STANDARD = "gnu++0x";
				CLANG_CXX_LIBRARY = "libc++";
				CLANG_ENABLE_MODULES = YES;
				CLANG_ENABLE_OBJC_ARC = YES;
				CLANG_WARN_BOOL_CONVERSION = YES;
				CLANG_WARN_CONSTANT_CONVERSION = YES;
				CLANG_WARN_DIRECT_OBJC_ISA_USAGE = YES_ERROR;
				CLANG_WARN_EMPTY_BODY = YES;
				CLANG_WARN_ENUM_CONVERSION = YES;
				CLANG_WARN_INT_CONVERSION = YES;
				CLANG_WARN_OBJC_ROOT_CLASS = YES_ERROR;
				CLANG_WARN_UNREACHABLE_CODE = YES;
				CLANG_WARN__DUPLICATE_METHOD_MATCH = YES;
				"CODE_SIGN_IDENTITY[sdk=iphoneos*]" = "iPhone Developer";
				COPY_PHASE_STRIP = NO;
				DEBUG_INFORMATION_FORMAT = dwarf;
				ENABLE_STRICT_OBJC_MSGSEND = YES;
				ENABLE_TESTABILITY = YES;
				GCC_C_LANGUAGE_STANDARD = gnu99;
				GCC_DYNAMIC_NO_PIC = NO;
				GCC_NO_COMMON_BLOCKS = YES;
				GCC_OPTIMIZATION_LEVEL = 0;
				GCC_PREPROCESSOR_DEFINITIONS = (
					"DEBUG=1",
					"$(inherited)",
				);
				GCC_WARN_64_TO_32_BIT_CONVERSION = YES;
				GCC_WARN_ABOUT_RETURN_TYPE = YES_ERROR;
				GCC_WARN_UNDECLARED_SELECTOR = YES;
				GCC_WARN_UNINITIALIZED_AUTOS = YES_AGGRESSIVE;
				GCC_WARN_UNUSED_FUNCTION = YES;
				GCC_WARN_UNUSED_VARIABLE = YES;
				IPHONEOS_DEPLOYMENT_TARGET = 9.3;
				MTL_ENABLE_DEBUG_INFO = YES;
				ONLY_ACTIVE_ARCH = YES;
				SDKROOT = iphoneos;
			};
			name = Debug;
		};
		3701B1E91C5A6FE400F736DF /* Release */ = {
			isa = XCBuildConfiguration;
			buildSettings = {
				ALWAYS_SEARCH_USER_PATHS = NO;
				CLANG_CXX_LANGUAGE_STANDARD = "gnu++0x";
				CLANG_CXX_LIBRARY = "libc++";
				CLANG_ENABLE_MODULES = YES;
				CLANG_ENABLE_OBJC_ARC = YES;
				CLANG_WARN_BOOL_CONVERSION = YES;
				CLANG_WARN_CONSTANT_CONVERSION = YES;
				CLANG_WARN_DIRECT_OBJC_ISA_USAGE = YES_ERROR;
				CLANG_WARN_EMPTY_BODY = YES;
				CLANG_WARN_ENUM_CONVERSION = YES;
				CLANG_WARN_INT_CONVERSION = YES;
				CLANG_WARN_OBJC_ROOT_CLASS = YES_ERROR;
				CLANG_WARN_UNREACHABLE_CODE = YES;
				CLANG_WARN__DUPLICATE_METHOD_MATCH = YES;
				"CODE_SIGN_IDENTITY[sdk=iphoneos*]" = "iPhone Developer";
				COPY_PHASE_STRIP = NO;
				DEBUG_INFORMATION_FORMAT = "dwarf-with-dsym";
				ENABLE_NS_ASSERTIONS = NO;
				ENABLE_STRICT_OBJC_MSGSEND = YES;
				GCC_C_LANGUAGE_STANDARD = gnu99;
				GCC_NO_COMMON_BLOCKS = YES;
				GCC_WARN_64_TO_32_BIT_CONVERSION = YES;
				GCC_WARN_ABOUT_RETURN_TYPE = YES_ERROR;
				GCC_WARN_UNDECLARED_SELECTOR = YES;
				GCC_WARN_UNINITIALIZED_AUTOS = YES_AGGRESSIVE;
				GCC_WARN_UNUSED_FUNCTION = YES;
				GCC_WARN_UNUSED_VARIABLE = YES;
				IPHONEOS_DEPLOYMENT_TARGET = 9.3;
				MTL_ENABLE_DEBUG_INFO = NO;
				SDKROOT = iphoneos;
				VALIDATE_PRODUCT = YES;
			};
			name = Release;
		};
		3701B1EB1C5A6FE500F736DF /* Debug */ = {
			isa = XCBuildConfiguration;
			buildSettings = {
				ASSETCATALOG_COMPILER_APPICON_NAME = AppIcon;
				CODE_SIGN_IDENTITY = "iPhone Developer: Alexey Ulenkov (S9677RBX35)";
				"CODE_SIGN_IDENTITY[sdk=iphoneos*]" = "iPhone Developer";
				GCC_PRECOMPILE_PREFIX_HEADER = YES;
				GCC_PREFIX_HEADER = "$(PROJECT_DIR)/PLTPrefix.pch";
				INFOPLIST_FILE = PLTSample/Info.plist;
				LD_RUNPATH_SEARCH_PATHS = "$(inherited) @executable_path/Frameworks";
				PRECOMPS_INCLUDE_HEADERS_FROM_BUILT_PRODUCTS_DIR = YES;
				PRODUCT_BUNDLE_IDENTIFIER = ru.fakeboss.PLTSample;
				PRODUCT_NAME = "$(TARGET_NAME)";
				PROVISIONING_PROFILE = "";
				WARNING_CFLAGS = (
					"-Werror",
					"-Wextra",
					"-Wall",
					"-Wfloat-equal",
					"-Wimplicit-retain-self",
					"-Wnewline-eof",
					"-Wshadow",
					"-Wsign-compare",
					"-Wundef",
					"-Weverything",
				);
			};
			name = Debug;
		};
		3701B1EC1C5A6FE500F736DF /* Release */ = {
			isa = XCBuildConfiguration;
			buildSettings = {
				ASSETCATALOG_COMPILER_APPICON_NAME = AppIcon;
				CODE_SIGN_IDENTITY = "iPhone Developer: Alexey Ulenkov (S9677RBX35)";
				"CODE_SIGN_IDENTITY[sdk=iphoneos*]" = "iPhone Developer";
				GCC_PRECOMPILE_PREFIX_HEADER = YES;
				GCC_PREFIX_HEADER = "$(PROJECT_DIR)/PLTPrefix.pch";
				INFOPLIST_FILE = PLTSample/Info.plist;
				LD_RUNPATH_SEARCH_PATHS = "$(inherited) @executable_path/Frameworks";
				OTHER_CFLAGS = "-DNDEBUG";
				PRECOMPS_INCLUDE_HEADERS_FROM_BUILT_PRODUCTS_DIR = YES;
				PRODUCT_BUNDLE_IDENTIFIER = ru.fakeboss.PLTSample;
				PRODUCT_NAME = "$(TARGET_NAME)";
				PROVISIONING_PROFILE = "";
				WARNING_CFLAGS = (
					"-Werror",
					"-Wextra",
					"-Wall",
					"-Wfloat-equal",
					"-Wimplicit-retain-self",
					"-Wnewline-eof",
					"-Wshadow",
					"-Wsign-compare",
					"-Wundef",
					"-Weverything",
				);
			};
			name = Release;
		};
		3701B1EE1C5A6FE500F736DF /* Debug */ = {
			isa = XCBuildConfiguration;
			buildSettings = {
				BUNDLE_LOADER = "$(TEST_HOST)";
				INFOPLIST_FILE = PLTSampleTests/Info.plist;
				LD_RUNPATH_SEARCH_PATHS = "$(inherited) @executable_path/Frameworks @loader_path/Frameworks";
				PRODUCT_BUNDLE_IDENTIFIER = ru.fakeboss.PLTSampleTests;
				PRODUCT_NAME = "$(TARGET_NAME)";
				TEST_HOST = "$(BUILT_PRODUCTS_DIR)/PLTSample.app/PLTSample";
			};
			name = Debug;
		};
		3701B1EF1C5A6FE500F736DF /* Release */ = {
			isa = XCBuildConfiguration;
			buildSettings = {
				BUNDLE_LOADER = "$(TEST_HOST)";
				INFOPLIST_FILE = PLTSampleTests/Info.plist;
				LD_RUNPATH_SEARCH_PATHS = "$(inherited) @executable_path/Frameworks @loader_path/Frameworks";
				PRODUCT_BUNDLE_IDENTIFIER = ru.fakeboss.PLTSampleTests;
				PRODUCT_NAME = "$(TARGET_NAME)";
				TEST_HOST = "$(BUILT_PRODUCTS_DIR)/PLTSample.app/PLTSample";
			};
			name = Release;
		};
		3701B1F11C5A6FE500F736DF /* Debug */ = {
			isa = XCBuildConfiguration;
			buildSettings = {
				INFOPLIST_FILE = PLTSampleUITests/Info.plist;
				LD_RUNPATH_SEARCH_PATHS = "$(inherited) @executable_path/Frameworks @loader_path/Frameworks";
				PRODUCT_BUNDLE_IDENTIFIER = ru.fakeboss.PLTSampleUITests;
				PRODUCT_NAME = "$(TARGET_NAME)";
				TEST_TARGET_NAME = PLTSample;
				USES_XCTRUNNER = YES;
			};
			name = Debug;
		};
		3701B1F21C5A6FE500F736DF /* Release */ = {
			isa = XCBuildConfiguration;
			buildSettings = {
				INFOPLIST_FILE = PLTSampleUITests/Info.plist;
				LD_RUNPATH_SEARCH_PATHS = "$(inherited) @executable_path/Frameworks @loader_path/Frameworks";
				PRODUCT_BUNDLE_IDENTIFIER = ru.fakeboss.PLTSampleUITests;
				PRODUCT_NAME = "$(TARGET_NAME)";
				TEST_TARGET_NAME = PLTSample;
				USES_XCTRUNNER = YES;
			};
			name = Release;
		};
/* End XCBuildConfiguration section */

/* Begin XCConfigurationList section */
		3701B1B81C5A6FE300F736DF /* Build configuration list for PBXProject "PLTSample" */ = {
			isa = XCConfigurationList;
			buildConfigurations = (
				3701B1E81C5A6FE400F736DF /* Debug */,
				3701B1E91C5A6FE400F736DF /* Release */,
			);
			defaultConfigurationIsVisible = 0;
			defaultConfigurationName = Debug;
		};
		3701B1EA1C5A6FE500F736DF /* Build configuration list for PBXNativeTarget "PLTSample" */ = {
			isa = XCConfigurationList;
			buildConfigurations = (
				3701B1EB1C5A6FE500F736DF /* Debug */,
				3701B1EC1C5A6FE500F736DF /* Release */,
			);
			defaultConfigurationIsVisible = 0;
			defaultConfigurationName = Debug;
		};
		3701B1ED1C5A6FE500F736DF /* Build configuration list for PBXNativeTarget "PLTSampleTests" */ = {
			isa = XCConfigurationList;
			buildConfigurations = (
				3701B1EE1C5A6FE500F736DF /* Debug */,
				3701B1EF1C5A6FE500F736DF /* Release */,
			);
			defaultConfigurationIsVisible = 0;
			defaultConfigurationName = Debug;
		};
		3701B1F01C5A6FE500F736DF /* Build configuration list for PBXNativeTarget "PLTSampleUITests" */ = {
			isa = XCConfigurationList;
			buildConfigurations = (
				3701B1F11C5A6FE500F736DF /* Debug */,
				3701B1F21C5A6FE500F736DF /* Release */,
			);
			defaultConfigurationIsVisible = 0;
			defaultConfigurationName = Debug;
		};
/* End XCConfigurationList section */
	};
	rootObject = 3701B1B51C5A6FE300F736DF /* Project object */;
}
